
Microsoft Visual Studio Solution File, Format Version 12.00
# Visual Studio Version 17
VisualStudioVersion = 17.10.35013.160
MinimumVisualStudioVersion = 10.0.40219.1
Project("{FAE04EC0-301F-11D3-BF4B-00C04F79EFBC}") = "CarCharging", "CarCharging\CarCharging.csproj", "{458D4856-E6E0-41CA-A8B7-503AA57FAB89}"
EndProject
Global
	GlobalSection(SolutionConfigurationPlatforms) = preSolution
		Debug|Any CPU = Debug|Any CPU
		Release|Any CPU = Release|Any CPU
	EndGlobalSection
	GlobalSection(ProjectConfigurationPlatforms) = postSolution
		{458D4856-E6E0-41CA-A8B7-503AA57FAB89}.Debug|Any CPU.ActiveCfg = Debug|Any CPU
		{458D4856-E6E0-41CA-A8B7-503AA57FAB89}.Debug|Any CPU.Build.0 = Debug|Any CPU
		{458D4856-E6E0-41CA-A8B7-503AA57FAB89}.Release|Any CPU.ActiveCfg = Release|Any CPU
		{458D4856-E6E0-41CA-A8B7-503AA57FAB89}.Release|Any CPU.Build.0 = Release|Any CPU
	EndGlobalSection
	GlobalSection(SolutionProperties) = preSolution
		HideSolutionNode = FALSE
	EndGlobalSection
	GlobalSection(ExtensibilityGlobals) = postSolution
		SolutionGuid = {6415D5C9-B8EA-4F7B-AE1A-996FF09BEA45}
	EndGlobalSection
EndGlobal
